github.com/goccy/go-spidermonkey v0.1.0 h1:kEQd1ueeKML7FdDriHp/sS41tT4HG8FztAoQy7i9be0=
github.com/goccy/go-spidermonkey v0.1.0/go.mod h1:yfvSAgFUHs7odts7Als9WL8z4aY5DufJ5HfCaxPPuUg=
github.com/goccy/spidermonkeywasm2go v0.1.0 h1:I9Okqi82xV//3uBCKCQWBrxqgeD7cxa+uKpllAVhNEM=
github.com/goccy/spidermonkeywasm2go v0.1.0/go.mod h1:d/QMeextpkzKbzgW67FnEvhz2pzflTyjCCH2ZG8yic0=
